
Microsoft Visual Studio Solution File, Format Version 12.00
# Visual Studio 15
VisualStudioVersion = 15.0.28307.1062
MinimumVisualStudioVersion = 10.0.40219.1
Project("{9A19103F-16F7-4668-BE54-9A1E7A4F7556}") = "PoolController.Tizen.Forms", "PoolController.Tizen.Forms\PoolController.Tizen.Forms\PoolController.Tizen.Forms.csproj", "{41BEA9EC-A729-4C89-8F6D-6519B072A61C}"
EndProject
Project("{9A19103F-16F7-4668-BE54-9A1E7A4F7556}") = "PoolController.Tizen.Forms.Wearable", "PoolController.Tizen.Forms\PoolController.Tizen.Forms.Wearable\PoolController.Tizen.Forms.Wearable.csproj", "{6B88612C-006C-4773-BF0A-B8B3419C9D80}"
EndProject
Project("{9A19103F-16F7-4668-BE54-9A1E7A4F7556}") = "eHub.Common", "..\..\eHub.Common\eHub.Service\eHub.Common.csproj", "{DEB38FB7-8609-4F74-9D68-70DED7739CC1}"
EndProject
Global
	GlobalSection(SolutionConfigurationPlatforms) = preSolution
		Debug|Any CPU = Debug|Any CPU
		Release|Any CPU = Release|Any CPU
	EndGlobalSection
	GlobalSection(ProjectConfigurationPlatforms) = postSolution
		{41BEA9EC-A729-4C89-8F6D-6519B072A61C}.Debug|Any CPU.ActiveCfg = Debug|Any CPU
		{41BEA9EC-A729-4C89-8F6D-6519B072A61C}.Debug|Any CPU.Build.0 = Debug|Any CPU
		{41BEA9EC-A729-4C89-8F6D-6519B072A61C}.Release|Any CPU.ActiveCfg = Release|Any CPU
		{41BEA9EC-A729-4C89-8F6D-6519B072A61C}.Release|Any CPU.Build.0 = Release|Any CPU
		{6B88612C-006C-4773-BF0A-B8B3419C9D80}.Debug|Any CPU.ActiveCfg = Debug|Any CPU
		{6B88612C-006C-4773-BF0A-B8B3419C9D80}.Debug|Any CPU.Build.0 = Debug|Any CPU
		{6B88612C-006C-4773-BF0A-B8B3419C9D80}.Release|Any CPU.ActiveCfg = Release|Any CPU
		{6B88612C-006C-4773-BF0A-B8B3419C9D80}.Release|Any CPU.Build.0 = Release|Any CPU
		{DEB38FB7-8609-4F74-9D68-70DED7739CC1}.Debug|Any CPU.ActiveCfg = Debug|Any CPU
		{DEB38FB7-8609-4F74-9D68-70DED7739CC1}.Debug|Any CPU.Build.0 = Debug|Any CPU
		{DEB38FB7-8609-4F74-9D68-70DED7739CC1}.Release|Any CPU.ActiveCfg = Release|Any CPU
		{DEB38FB7-8609-4F74-9D68-70DED7739CC1}.Release|Any CPU.Build.0 = Release|Any CPU
	EndGlobalSection
	GlobalSection(SolutionProperties) = preSolution
		HideSolutionNode = FALSE
	EndGlobalSection
	GlobalSection(ExtensibilityGlobals) = postSolution
		SolutionGuid = {7FD0262A-5EE2-466D-B8CF-C45F285D6C9F}
	EndGlobalSection
EndGlobal
